
Microsoft Visual Studio Solution File, Format Version 12.00
# Visual Studio 15
VisualStudioVersion = 15.0.26124.0
MinimumVisualStudioVersion = 15.0.26124.0
Project("{FAE04EC0-301F-11D3-BF4B-00C04F79EFBC}") = "JwtAuth.Api", "JwtAuth.Api\JwtAuth.Api.csproj", "{656B088D-B873-4454-8062-F760B439C09B}"
EndProject
Project("{FAE04EC0-301F-11D3-BF4B-00C04F79EFBC}") = "JwtAuth.Data", "JwtAuth.Data\JwtAuth.Data.csproj", "{4A3F5B38-B077-4853-AF49-5848CB8C552E}"
EndProject
Project("{FAE04EC0-301F-11D3-BF4B-00C04F79EFBC}") = "JwtAuth.Domain", "JwtAuth.Domain\JwtAuth.Domain.csproj", "{2EA1BF9B-13AA-49EC-98BF-C599F70C8FAB}"
EndProject
Global
	GlobalSection(SolutionConfigurationPlatforms) = preSolution
		Debug|Any CPU = Debug|Any CPU
		Debug|x64 = Debug|x64
		Debug|x86 = Debug|x86
		Release|Any CPU = Release|Any CPU
		Release|x64 = Release|x64
		Release|x86 = Release|x86
	EndGlobalSection
	GlobalSection(SolutionProperties) = preSolution
		HideSolutionNode = FALSE
	EndGlobalSection
	GlobalSection(ProjectConfigurationPlatforms) = postSolution
		{656B088D-B873-4454-8062-F760B439C09B}.Debug|Any CPU.ActiveCfg = Debug|Any CPU
		{656B088D-B873-4454-8062-F760B439C09B}.Debug|Any CPU.Build.0 = Debug|Any CPU
		{656B088D-B873-4454-8062-F760B439C09B}.Debug|x64.ActiveCfg = Debug|Any CPU
		{656B088D-B873-4454-8062-F760B439C09B}.Debug|x64.Build.0 = Debug|Any CPU
		{656B088D-B873-4454-8062-F760B439C09B}.Debug|x86.ActiveCfg = Debug|Any CPU
		{656B088D-B873-4454-8062-F760B439C09B}.Debug|x86.Build.0 = Debug|Any CPU
		{656B088D-B873-4454-8062-F760B439C09B}.Release|Any CPU.ActiveCfg = Release|Any CPU
		{656B088D-B873-4454-8062-F760B439C09B}.Release|Any CPU.Build.0 = Release|Any CPU
		{656B088D-B873-4454-8062-F760B439C09B}.Release|x64.ActiveCfg = Release|Any CPU
		{656B088D-B873-4454-8062-F760B439C09B}.Release|x64.Build.0 = Release|Any CPU
		{656B088D-B873-4454-8062-F760B439C09B}.Release|x86.ActiveCfg = Release|Any CPU
		{656B088D-B873-4454-8062-F760B439C09B}.Release|x86.Build.0 = Release|Any CPU
		{4A3F5B38-B077-4853-AF49-5848CB8C552E}.Debug|Any CPU.ActiveCfg = Debug|Any CPU
		{4A3F5B38-B077-4853-AF49-5848CB8C552E}.Debug|Any CPU.Build.0 = Debug|Any CPU
		{4A3F5B38-B077-4853-AF49-5848CB8C552E}.Debug|x64.ActiveCfg = Debug|Any CPU
		{4A3F5B38-B077-4853-AF49-5848CB8C552E}.Debug|x64.Build.0 = Debug|Any CPU
		{4A3F5B38-B077-4853-AF49-5848CB8C552E}.Debug|x86.ActiveCfg = Debug|Any CPU
		{4A3F5B38-B077-4853-AF49-5848CB8C552E}.Debug|x86.Build.0 = Debug|Any CPU
		{4A3F5B38-B077-4853-AF49-5848CB8C552E}.Release|Any CPU.ActiveCfg = Release|Any CPU
		{4A3F5B38-B077-4853-AF49-5848CB8C552E}.Release|Any CPU.Build.0 = Release|Any CPU
		{4A3F5B38-B077-4853-AF49-5848CB8C552E}.Release|x64.ActiveCfg = Release|Any CPU
		{4A3F5B38-B077-4853-AF49-5848CB8C552E}.Release|x64.Build.0 = Release|Any CPU
		{4A3F5B38-B077-4853-AF49-5848CB8C552E}.Release|x86.ActiveCfg = Release|Any CPU
		{4A3F5B38-B077-4853-AF49-5848CB8C552E}.Release|x86.Build.0 = Release|Any CPU
		{2EA1BF9B-13AA-49EC-98BF-C599F70C8FAB}.Debug|Any CPU.ActiveCfg = Debug|Any CPU
		{2EA1BF9B-13AA-49EC-98BF-C599F70C8FAB}.Debug|Any CPU.Build.0 = Debug|Any CPU
		{2EA1BF9B-13AA-49EC-98BF-C599F70C8FAB}.Debug|x64.ActiveCfg = Debug|Any CPU
		{2EA1BF9B-13AA-49EC-98BF-C599F70C8FAB}.Debug|x64.Build.0 = Debug|Any CPU
		{2EA1BF9B-13AA-49EC-98BF-C599F70C8FAB}.Debug|x86.ActiveCfg = Debug|Any CPU
		{2EA1BF9B-13AA-49EC-98BF-C599F70C8FAB}.Debug|x86.Build.0 = Debug|Any CPU
		{2EA1BF9B-13AA-49EC-98BF-C599F70C8FAB}.Release|Any CPU.ActiveCfg = Release|Any CPU
		{2EA1BF9B-13AA-49EC-98BF-C599F70C8FAB}.Release|Any CPU.Build.0 = Release|Any CPU
		{2EA1BF9B-13AA-49EC-98BF-C599F70C8FAB}.Release|x64.ActiveCfg = Release|Any CPU
		{2EA1BF9B-13AA-49EC-98BF-C599F70C8FAB}.Release|x64.Build.0 = Release|Any CPU
		{2EA1BF9B-13AA-49EC-98BF-C599F70C8FAB}.Release|x86.ActiveCfg = Release|Any CPU
		{2EA1BF9B-13AA-49EC-98BF-C599F70C8FAB}.Release|x86.Build.0 = Release|Any CPU
	EndGlobalSection
EndGlobal
